
Microsoft Visual Studio Solution File, Format Version 12.00
# Visual Studio Version 16
VisualStudioVersion = 16.0.29418.71
MinimumVisualStudioVersion = 10.0.40219.1
Project("{FAE04EC0-301F-11D3-BF4B-00C04F79EFBC}") = "nhltv-fetcher", "nhltv-fetcher.csproj", "{033CE9EE-7CD3-4841-B3C2-2E653B205652}"
EndProject
Global
	GlobalSection(SolutionConfigurationPlatforms) = preSolution
		Debug|Any CPU = Debug|Any CPU
		Release|Any CPU = Release|Any CPU
	EndGlobalSection
	GlobalSection(ProjectConfigurationPlatforms) = postSolution
		{033CE9EE-7CD3-4841-B3C2-2E653B205652}.Debug|Any CPU.ActiveCfg = Debug|Any CPU
		{033CE9EE-7CD3-4841-B3C2-2E653B205652}.Debug|Any CPU.Build.0 = Debug|Any CPU
		{033CE9EE-7CD3-4841-B3C2-2E653B205652}.Release|Any CPU.ActiveCfg = Release|Any CPU
		{033CE9EE-7CD3-4841-B3C2-2E653B205652}.Release|Any CPU.Build.0 = Release|Any CPU
	EndGlobalSection
	GlobalSection(SolutionProperties) = preSolution
		HideSolutionNode = FALSE
	EndGlobalSection
	GlobalSection(ExtensibilityGlobals) = postSolution
		SolutionGuid = {2D28DBA5-6C42-42FF-86DF-62E0F4A7CEB1}
	EndGlobalSection
EndGlobal
